// !$*UTF8*$!
{
	archiveVersion = 1;
	classes = {
	};
	objectVersion = 46;
	objects = {

/* Begin PBXBuildFile section */
		E4D699501AF8931800711BA3 /* main.m in Sources */ = {isa = PBXBuildFile; fileRef = E4D6994F1AF8931800711BA3 /* main.m */; };
		E4D699531AF8931800711BA3 /* AppDelegate.m in Sources */ = {isa = PBXBuildFile; fileRef = E4D699521AF8931800711BA3 /* AppDelegate.m */; };
		E4D699561AF8931800711BA3 /* ViewController.m in Sources */ = {isa = PBXBuildFile; fileRef = E4D699551AF8931800711BA3 /* ViewController.m */; };
		E4D699591AF8931800711BA3 /* Main.storyboard in Resources */ = {isa = PBXBuildFile; fileRef = E4D699571AF8931800711BA3 /* Main.storyboard */; };
		E4D6995B1AF8931800711BA3 /* Images.xcassets in Resources */ = {isa = PBXBuildFile; fileRef = E4D6995A1AF8931800711BA3 /* Images.xcassets */; };
		E4D6995E1AF8931800711BA3 /* LaunchScreen.xib in Resources */ = {isa = PBXBuildFile; fileRef = E4D6995C1AF8931800711BA3 /* LaunchScreen.xib */; };
		E4D6996A1AF8931800711BA3 /* HelloWorldTests.m in Sources */ = {isa = PBXBuildFile; fileRef = E4D699691AF8931800711BA3 /* HelloWorldTests.m */; };
/* End PBXBuildFile section */

/* Begin PBXContainerItemProxy section */
		E4D699641AF8931800711BA3 /* PBXContainerItemProxy */ = {
			isa = PBXContainerItemProxy;
			containerPortal = E4D699421AF8931800711BA3 /* Project object */;
			proxyType = 1;
			remoteGlobalIDString = E4D699491AF8931800711BA3;
			remoteInfo = HelloWorld;
		};
/* End PBXContainerItemProxy section */

/* Begin PBXFileReference section */
		E4D6994A1AF8931800711BA3 /* HelloWorld.app */ = {isa = PBXFileReference; explicitFileType = wrapper.application; includeInIndex = 0; path = HelloWorld.app; sourceTree = BUILT_PRODUCTS_DIR; };
		E4D6994E1AF8931800711BA3 /* Info.plist */ = {isa = PBXFileReference; lastKnownFileType = text.plist.xml; path = Info.plist; sourceTree = "<group>"; };
		E4D6994F1AF8931800711BA3 /* main.m */ = {isa = PBXFileReference; lastKnownFileType = sourcecode.c.objc; path = main.m; sourceTree = "<group>"; };
		E4D699511AF8931800711BA3 /* AppDelegate.h */ = {isa = PBXFileReference; lastKnownFileType = sourcecode.c.h; path = AppDelegate.h; sourceTree = "<group>"; };
		E4D699521AF8931800711BA3 /* AppDelegate.m */ = {isa = PBXFileReference; lastKnownFileType = sourcecode.c.objc; path = AppDelegate.m; sourceTree = "<group>"; };
		E4D699541AF8931800711BA3 /* ViewController.h */ = {isa = PBXFileReference; lastKnownFileType = sourcecode.c.h; path = ViewController.h; sourceTree = "<group>"; };
		E4D699551AF8931800711BA3 /* ViewController.m */ = {isa = PBXFileReference; lastKnownFileType = sourcecode.c.objc; path = ViewController.m; sourceTree = "<group>"; };
		E4D699581AF8931800711BA3 /* Base */ = {isa = PBXFileReference; lastKnownFileType = file.storyboard; name = Base; path = Base.lproj/Main.storyboard; sourceTree = "<group>"; };
		E4D6995A1AF8931800711BA3 /* Images.xcassets */ = {isa = PBXFileReference; lastKnownFileType = folder.assetcatalog; path = Images.xcassets; sourceTree = "<group>"; };
		E4D6995D1AF8931800711BA3 /* Base */ = {isa = PBXFileReference; lastKnownFileType = file.xib; name = Base; path = Base.lproj/LaunchScreen.xib; sourceTree = "<group>"; };
		E4D699631AF8931800711BA3 /* HelloWorldTests.xctest */ = {isa = PBXFileReference; explicitFileType = wrapper.cfbundle; includeInIndex = 0; path = HelloWorldTests.xctest; sourceTree = BUILT_PRODUCTS_DIR; };
		E4D699681AF8931800711BA3 /* Info.plist */ = {isa = PBXFileReference; lastKnownFileType = text.plist.xml; path = Info.plist; sourceTree = "<group>"; };
		E4D699691AF8931800711BA3 /* HelloWorldTests.m */ = {isa = PBXFileReference; lastKnownFileType = sourcecode.c.objc; path = HelloWorldTests.m; sourceTree = "<group>"; };
/* End PBXFileReference section */

/* Begin PBXFrameworksBuildPhase section */
		E4D699471AF8931800711BA3 /* Frameworks */ = {
			isa = PBXFrameworksBuildPhase;
			buildActionMask = 2147483647;
			files = (
			);
			runOnlyForDeploymentPostprocessing = 0;
		};
		E4D699601AF8931800711BA3 /* Frameworks */ = {
			isa = PBXFrameworksBuildPhase;
			buildActionMask = 2147483647;
			files = (
			);
			runOnlyForDeploymentPostprocessing = 0;
		};
/* End PBXFrameworksBuildPhase section */

/* Begin PBXGroup section */
		E4D699411AF8931800711BA3 = {
			isa = PBXGroup;
			children = (
				E4D6994C1AF8931800711BA3 /* HelloWorld */,
				E4D699661AF8931800711BA3 /* HelloWorldTests */,
				E4D6994B1AF8931800711BA3 /* Products */,
			);
			sourceTree = "<group>";
		};
		E4D6994B1AF8931800711BA3 /* Products */ = {
			isa = PBXGroup;
			children = (
				E4D6994A1AF8931800711BA3 /* HelloWorld.app */,
				E4D699631AF8931800711BA3 /* HelloWorldTests.xctest */,
			);
			name = Products;
			sourceTree = "<group>";
		};
		E4D6994C1AF8931800711BA3 /* HelloWorld */ = {
			isa = PBXGroup;
			children = (
				E4D699511AF8931800711BA3 /* AppDelegate.h */,
				E4D699521AF8931800711BA3 /* AppDelegate.m */,
				E4D699541AF8931800711BA3 /* ViewController.h */,
				E4D699551AF8931800711BA3 /* ViewController.m */,
				E4D699571AF8931800711BA3 /* Main.storyboard */,
				E4D6995A1AF8931800711BA3 /* Images.xcassets */,
				E4D6995C1AF8931800711BA3 /* LaunchScreen.xib */,
				E4D6994D1AF8931800711BA3 /* Supporting Files */,
			);
			path = HelloWorld;
			sourceTree = "<group>";
		};
		E4D6994D1AF8931800711BA3 /* Supporting Files */ = {
			isa = PBXGroup;
			children = (
				E4D6994E1AF8931800711BA3 /* Info.plist */,
				E4D6994F1AF8931800711BA3 /* main.m */,
			);
			name = "Supporting Files";
			sourceTree = "<group>";
		};
		E4D699661AF8931800711BA3 /* HelloWorldTests */ = {
			isa = PBXGroup;
			children = (
				E4D699691AF8931800711BA3 /* HelloWorldTests.m */,
				E4D699671AF8931800711BA3 /* Supporting Files */,
			);
			path = HelloWorldTests;
			sourceTree = "<group>";
		};
		E4D699671AF8931800711BA3 /* Supporting Files */ = {
			isa = PBXGroup;
			children = (
				E4D699681AF8931800711BA3 /* Info.plist */,
			);
			name = "Supporting Files";
			sourceTree = "<group>";
		};
/* End PBXGroup section */

/* Begin PBXNativeTarget section */
		E4D699491AF8931800711BA3 /* HelloWorld */ = {
			isa = PBXNativeTarget;
			buildConfigurationList = E4D6996D1AF8931800711BA3 /* Build configuration list for PBXNativeTarget "HelloWorld" */;
			buildPhases = (
				E4D699461AF8931800711BA3 /* Sources */,
				E4D699471AF8931800711BA3 /* Frameworks */,
				E4D699481AF8931800711BA3 /* Resources */,
			);
			buildRules = (
			);
			dependencies = (
			);
			name = HelloWorld;
			productName = HelloWorld;
			productReference = E4D6994A1AF8931800711BA3 /* HelloWorld.app */;
			productType = "com.apple.product-type.application";
		};
		E4D699621AF8931800711BA3 /* HelloWorldTests */ = {
			isa = PBXNativeTarget;
			buildConfigurationList = E4D699701AF8931800711BA3 /* Build configuration list for PBXNativeTarget "HelloWorldTests" */;
			buildPhases = (
				E4D6995F1AF8931800711BA3 /* Sources */,
				E4D699601AF8931800711BA3 /* Frameworks */,
				E4D699611AF8931800711BA3 /* Resources */,
			);
			buildRules = (
			);
			dependencies = (
				E4D699651AF8931800711BA3 /* PBXTargetDependency */,
			);
			name = HelloWorldTests;
			productName = HelloWorldTests;
			productReference = E4D699631AF8931800711BA3 /* HelloWorldTests.xctest */;
			productType = "com.apple.product-type.bundle.unit-test";
		};
/* End PBXNativeTarget section */

/* Begin PBXProject section */
		E4D699421AF8931800711BA3 /* Project object */ = {
			isa = PBXProject;
			attributes = {
				LastUpgradeCheck = 0630;
				ORGANIZATIONNAME = Steven;
				TargetAttributes = {
					E4D699491AF8931800711BA3 = {
						CreatedOnToolsVersion = 6.3;
					};
					E4D699621AF8931800711BA3 = {
						CreatedOnToolsVersion = 6.3;
						TestTargetID = E4D699491AF8931800711BA3;
					};
				};
			};
			buildConfigurationList = E4D699451AF8931800711BA3 /* Build configuration list for PBXProject "HelloWorld" */;
			compatibilityVersion = "Xcode 3.2";
			developmentRegion = English;
			hasScannedForEncodings = 0;
			knownRegions = (
				en,
				Base,
			);
			mainGroup = E4D699411AF8931800711BA3;
			productRefGroup = E4D6994B1AF8931800711BA3 /* Products */;
			projectDirPath = "";
			projectRoot = "";
			targets = (
				E4D699491AF8931800711BA3 /* HelloWorld */,
				E4D699621AF8931800711BA3 /* HelloWorldTests */,
			);
		};
/* End PBXProject section */

/* Begin PBXResourcesBuildPhase section */
		E4D699481AF8931800711BA3 /* Resources */ = {
			isa = PBXResourcesBuildPhase;
			buildActionMask = 2147483647;
			files = (
				E4D699591AF8931800711BA3 /* Main.storyboard in Resources */,
				E4D6995E1AF8931800711BA3 /* LaunchScreen.xib in Resources */,
				E4D6995B1AF8931800711BA3 /* Images.xcassets in Resources */,
			);
			runOnlyForDeploymentPostprocessing = 0;
		};
		E4D699611AF8931800711BA3 /* Resources */ = {
			isa = PBXResourcesBuildPhase;
			buildActionMask = 2147483647;
			files = (
			);
			runOnlyForDeploymentPostprocessing = 0;
		};
/* End PBXResourcesBuildPhase section */

/* Begin PBXSourcesBuildPhase section */
		E4D699461AF8931800711BA3 /* Sources */ = {
			isa = PBXSourcesBuildPhase;
			buildActionMask = 2147483647;
			files = (
				E4D699561AF8931800711BA3 /* ViewController.m in Sources */,
				E4D699531AF8931800711BA3 /* AppDelegate.m in Sources */,
				E4D699501AF8931800711BA3 /* main.m in Sources */,
			);
			runOnlyForDeploymentPostprocessing = 0;
		};
		E4D6995F1AF8931800711BA3 /* Sources */ = {
			isa = PBXSourcesBuildPhase;
			buildActionMask = 2147483647;
			files = (
				E4D6996A1AF8931800711BA3 /* HelloWorldTests.m in Sources */,
			);
			runOnlyForDeploymentPostprocessing = 0;
		};
/* End PBXSourcesBuildPhase section */

/* Begin PBXTargetDependency section */
		E4D699651AF8931800711BA3 /* PBXTargetDependency */ = {
			isa = PBXTargetDependency;
			target = E4D699491AF8931800711BA3 /* HelloWorld */;
			targetProxy = E4D699641AF8931800711BA3 /* PBXContainerItemProxy */;
		};
/* End PBXTargetDependency section */

/* Begin PBXVariantGroup section */
		E4D699571AF8931800711BA3 /* Main.storyboard */ = {
			isa = PBXVariantGroup;
			children = (
				E4D699581AF8931800711BA3 /* Base */,
			);
			name = Main.storyboard;
			sourceTree = "<group>";
		};
		E4D6995C1AF8931800711BA3 /* LaunchScreen.xib */ = {
			isa = PBXVariantGroup;
			children = (
				E4D6995D1AF8931800711BA3 /* Base */,
			);
			name = LaunchScreen.xib;
			sourceTree = "<group>";
		};
/* End PBXVariantGroup section */

/* Begin XCBuildConfiguration section */
		E4D6996B1AF8931800711BA3 /* Debug */ = {
			isa = XCBuildConfiguration;
			buildSettings = {
				ALWAYS_SEARCH_USER_PATHS = NO;
				CLANG_CXX_LANGUAGE_STANDARD = "gnu++0x";
				CLANG_CXX_LIBRARY = "libc++";
				CLANG_ENABLE_MODULES = YES;
				CLANG_ENABLE_OBJC_ARC = YES;
				CLANG_WARN_BOOL_CONVERSION = YES;
				CLANG_WARN_CONSTANT_CONVERSION = YES;
				CLANG_WARN_DIRECT_OBJC_ISA_USAGE = YES_ERROR;
				CLANG_WARN_EMPTY_BODY = YES;
				CLANG_WARN_ENUM_CONVERSION = YES;
				CLANG_WARN_INT_CONVERSION = YES;
				CLANG_WARN_OBJC_ROOT_CLASS = YES_ERROR;
				CLANG_WARN_UNREACHABLE_CODE = YES;
				CLANG_WARN__DUPLICATE_METHOD_MATCH = YES;
				"CODE_SIGN_IDENTITY[sdk=iphoneos*]" = "iPhone Developer";
				COPY_PHASE_STRIP = NO;
				DEBUG_INFORMATION_FORMAT = "dwarf-with-dsym";
				ENABLE_STRICT_OBJC_MSGSEND = YES;
				GCC_C_LANGUAGE_STANDARD = gnu99;
				GCC_DYNAMIC_NO_PIC = NO;
				GCC_NO_COMMON_BLOCKS = YES;
				GCC_OPTIMIZATION_LEVEL = 0;
				GCC_PREPROCESSOR_DEFINITIONS = (
					"DEBUG=1",
					"$(inherited)",
				);
				GCC_SYMBOLS_PRIVATE_EXTERN = NO;
				GCC_WARN_64_TO_32_BIT_CONVERSION = YES;
				GCC_WARN_ABOUT_RETURN_TYPE = YES_ERROR;
				GCC_WARN_UNDECLARED_SELECTOR = YES;
				GCC_WARN_UNINITIALIZED_AUTOS = YES_AGGRESSIVE;
				GCC_WARN_UNUSED_FUNCTION = YES;
				GCC_WARN_UNUSED_VARIABLE = YES;
				IPHONEOS_DEPLOYMENT_TARGET = 8.3;
				MTL_ENABLE_DEBUG_INFO = YES;
				ONLY_ACTIVE_ARCH = YES;
				SDKROOT = iphoneos;
			};
			name = Debug;
		};
		E4D6996C1AF8931800711BA3 /* Release */ = {
			isa = XCBuildConfiguration;
			buildSettings = {
				ALWAYS_SEARCH_USER_PATHS = NO;
				CLANG_CXX_LANGUAGE_STANDARD = "gnu++0x";
				CLANG_CXX_LIBRARY = "libc++";
				CLANG_ENABLE_MODULES = YES;
				CLANG_ENABLE_OBJC_ARC = YES;
				CLANG_WARN_BOOL_CONVERSION = YES;
				CLANG_WARN_CONSTANT_CONVERSION = YES;
				CLANG_WARN_DIRECT_OBJC_ISA_USAGE = YES_ERROR;
				CLANG_WARN_EMPTY_BODY = YES;
				CLANG_WARN_ENUM_CONVERSION = YES;
				CLANG_WARN_INT_CONVERSION = YES;
				CLANG_WARN_OBJC_ROOT_CLASS = YES_ERROR;
				CLANG_WARN_UNREACHABLE_CODE = YES;
				CLANG_WARN__DUPLICATE_METHOD_MATCH = YES;
				"CODE_SIGN_IDENTITY[sdk=iphoneos*]" = "iPhone Developer";
				COPY_PHASE_STRIP = NO;
				DEBUG_INFORMATION_FORMAT = "dwarf-with-dsym";
				ENABLE_NS_ASSERTIONS = NO;
				ENABLE_STRICT_OBJC_MSGSEND = YES;
				GCC_C_LANGUAGE_STANDARD = gnu99;
				GCC_NO_COMMON_BLOCKS = YES;
				GCC_WARN_64_TO_32_BIT_CONVERSION = YES;
				GCC_WARN_ABOUT_RETURN_TYPE = YES_ERROR;
				GCC_WARN_UNDECLARED_SELECTOR = YES;
				GCC_WARN_UNINITIALIZED_AUTOS = YES_AGGRESSIVE;
				GCC_WARN_UNUSED_FUNCTION = YES;
				GCC_WARN_UNUSED_VARIABLE = YES;
				IPHONEOS_DEPLOYMENT_TARGET = 8.3;
				MTL_ENABLE_DEBUG_INFO = NO;
				SDKROOT = iphoneos;
				VALIDATE_PRODUCT = YES;
			};
			name = Release;
		};
		E4D6996E1AF8931800711BA3 /* Debug */ = {
			isa = XCBuildConfiguration;
			buildSettings = {
				ASSETCATALOG_COMPILER_APPICON_NAME = AppIcon;
				INFOPLIST_FILE = HelloWorld/Info.plist;
				LD_RUNPATH_SEARCH_PATHS = "$(inherited) @executable_path/Frameworks";
				PRODUCT_NAME = "$(TARGET_NAME)";
			};
			name = Debug;
		};
		E4D6996F1AF8931800711BA3 /* Release */ = {
			isa = XCBuildConfiguration;
			buildSettings = {
				ASSETCATALOG_COMPILER_APPICON_NAME = AppIcon;
				INFOPLIST_FILE = HelloWorld/Info.plist;
				LD_RUNPATH_SEARCH_PATHS = "$(inherited) @executable_path/Frameworks";
				PRODUCT_NAME = "$(TARGET_NAME)";
			};
			name = Release;
		};
		E4D699711AF8931800711BA3 /* Debug */ = {
			isa = XCBuildConfiguration;
			buildSettings = {
				BUNDLE_LOADER = "$(TEST_HOST)";
				FRAMEWORK_SEARCH_PATHS = (
					"$(SDKROOT)/Developer/Library/Frameworks",
					"$(inherited)",
				);
				GCC_PREPROCESSOR_DEFINITIONS = (
					"DEBUG=1",
					"$(inherited)",
				);
				INFOPLIST_FILE = HelloWorldTests/Info.plist;
				LD_RUNPATH_SEARCH_PATHS = "$(inherited) @executable_path/Frameworks @loader_path/Frameworks";
				PRODUCT_NAME = "$(TARGET_NAME)";
				TEST_HOST = "$(BUILT_PRODUCTS_DIR)/HelloWorld.app/HelloWorld";
			};
			name = Debug;
		};
		E4D699721AF8931800711BA3 /* Release */ = {
			isa = XCBuildConfiguration;
			buildSettings = {
				BUNDLE_LOADER = "$(TEST_HOST)";
				FRAMEWORK_SEARCH_PATHS = (
					"$(SDKROOT)/Developer/Library/Frameworks",
					"$(inherited)",
				);
				INFOPLIST_FILE = HelloWorldTests/Info.plist;
				LD_RUNPATH_SEARCH_PATHS = "$(inherited) @executable_path/Frameworks @loader_path/Frameworks";
				PRODUCT_NAME = "$(TARGET_NAME)";
				TEST_HOST = "$(BUILT_PRODUCTS_DIR)/HelloWorld.app/HelloWorld";
			};
			name = Release;
		};
/* End XCBuildConfiguration section */

/* Begin XCConfigurationList section */
		E4D699451AF8931800711BA3 /* Build configuration list for PBXProject "HelloWorld" */ = {
			isa = XCConfigurationList;
			buildConfigurations = (
				E4D6996B1AF8931800711BA3 /* Debug */,
				E4D6996C1AF8931800711BA3 /* Release */,
			);
			defaultConfigurationIsVisible = 0;
			defaultConfigurationName = Release;
		};
		E4D6996D1AF8931800711BA3 /* Build configuration list for PBXNativeTarget "HelloWorld" */ = {
			isa = XCConfigurationList;
			buildConfigurations = (
				E4D6996E1AF8931800711BA3 /* Debug */,
				E4D6996F1AF8931800711BA3 /* Release */,
			);
			defaultConfigurationIsVisible = 0;
		};
		E4D699701AF8931800711BA3 /* Build configuration list for PBXNativeTarget "HelloWorldTests" */ = {
			isa = XCConfigurationList;
			buildConfigurations = (
				E4D699711AF8931800711BA3 /* Debug */,
				E4D699721AF8931800711BA3 /* Release */,
			);
			defaultConfigurationIsVisible = 0;
		};
/* End XCConfigurationList section */
	};
	rootObject = E4D699421AF8931800711BA3 /* Project object */;
}
